
Microsoft Visual Studio Solution File, Format Version 12.00
# Visual Studio Version 16
VisualStudioVersion = 16.0.30011.22
MinimumVisualStudioVersion = 10.0.40219.1
Project("{FAE04EC0-301F-11D3-BF4B-00C04F79EFBC}") = "NATP_SignalingServer", "NATP_SignalingServer\NATP_SignalingServer.csproj", "{8CA62553-CEE1-4EFA-ACC2-8FB686EBE4AD}"
EndProject
Global
	GlobalSection(SolutionConfigurationPlatforms) = preSolution
		Debug|Any CPU = Debug|Any CPU
		Release|Any CPU = Release|Any CPU
	EndGlobalSection
	GlobalSection(ProjectConfigurationPlatforms) = postSolution
		{8CA62553-CEE1-4EFA-ACC2-8FB686EBE4AD}.Debug|Any CPU.ActiveCfg = Debug|Any CPU
		{8CA62553-CEE1-4EFA-ACC2-8FB686EBE4AD}.Debug|Any CPU.Build.0 = Debug|Any CPU
		{8CA62553-CEE1-4EFA-ACC2-8FB686EBE4AD}.Release|Any CPU.ActiveCfg = Release|Any CPU
		{8CA62553-CEE1-4EFA-ACC2-8FB686EBE4AD}.Release|Any CPU.Build.0 = Release|Any CPU
	EndGlobalSection
	GlobalSection(SolutionProperties) = preSolution
		HideSolutionNode = FALSE
	EndGlobalSection
	GlobalSection(ExtensibilityGlobals) = postSolution
		SolutionGuid = {4C3E32D1-D811-4428-9692-1D239EFCEDB4}
	EndGlobalSection
EndGlobal
